
Microsoft Visual Studio Solution File, Format Version 12.00
# Visual Studio 2012
Project("{FAE04EC0-301F-11D3-BF4B-00C04F79EFBC}") = "WP8-BackgroundTask", "WP8-BackgroundTask\WP8-BackgroundTask.csproj", "{5CDAD887-5CF0-405A-9820-20920F7E48D9}"
EndProject
Project("{FAE04EC0-301F-11D3-BF4B-00C04F79EFBC}") = "CineWorld - WP7", "CineWorld - WP\CineWorld - WP7.csproj", "{411E1BA6-B2E6-49C0-AC12-D5BD313F7615}"
EndProject
Project("{FAE04EC0-301F-11D3-BF4B-00C04F79EFBC}") = "CineWorld - WP8", "CineWorld - WP8\CineWorld - WP8.csproj", "{CE604B74-157C-4BD1-AA29-351A7541928F}"
EndProject
Project("{FAE04EC0-301F-11D3-BF4B-00C04F79EFBC}") = "Cineworld - Win8", "Cineworld - Win8\Cineworld - Win8.csproj", "{6FBF1473-F4AE-4DBB-85DA-C4CDC09CCEF1}"
EndProject
Project("{FAE04EC0-301F-11D3-BF4B-00C04F79EFBC}") = "CineDataWorkerRole", "CineAzure\CineDataWorkerRole\CineDataWorkerRole.csproj", "{06424D09-AF30-47C5-AD4A-AED060AAF0E0}"
EndProject
Project("{CC5FD16D-436D-48AD-A40C-5A424C6E3E79}") = "CineAzure", "CineAzure\CineAzure\CineAzure.ccproj", "{C345513A-A9D8-4A38-B9E3-4091A23513AB}"
EndProject
Project("{FAE04EC0-301F-11D3-BF4B-00C04F79EFBC}") = "WP7-CineBackgroundTask", "WP-CineBackgroundTask\WP7-CineBackgroundTask.csproj", "{A2FEFCA1-C053-4480-9619-16ED65C1C9FE}"
EndProject
Global
	GlobalSection(SolutionConfigurationPlatforms) = preSolution
		Debug|Any CPU = Debug|Any CPU
		Debug|ARM = Debug|ARM
		Debug|x64 = Debug|x64
		Debug|x86 = Debug|x86
		Release|Any CPU = Release|Any CPU
		Release|ARM = Release|ARM
		Release|x64 = Release|x64
		Release|x86 = Release|x86
		ReleaseIE|Any CPU = ReleaseIE|Any CPU
		ReleaseIE|ARM = ReleaseIE|ARM
		ReleaseIE|x64 = ReleaseIE|x64
		ReleaseIE|x86 = ReleaseIE|x86
	EndGlobalSection
	GlobalSection(ProjectConfigurationPlatforms) = postSolution
		{5CDAD887-5CF0-405A-9820-20920F7E48D9}.Debug|Any CPU.ActiveCfg = Debug|Any CPU
		{5CDAD887-5CF0-405A-9820-20920F7E48D9}.Debug|Any CPU.Build.0 = Debug|Any CPU
		{5CDAD887-5CF0-405A-9820-20920F7E48D9}.Debug|ARM.ActiveCfg = Debug|ARM
		{5CDAD887-5CF0-405A-9820-20920F7E48D9}.Debug|ARM.Build.0 = Debug|ARM
		{5CDAD887-5CF0-405A-9820-20920F7E48D9}.Debug|x64.ActiveCfg = Debug|Any CPU
		{5CDAD887-5CF0-405A-9820-20920F7E48D9}.Debug|x86.ActiveCfg = Debug|x86
		{5CDAD887-5CF0-405A-9820-20920F7E48D9}.Debug|x86.Build.0 = Debug|x86
		{5CDAD887-5CF0-405A-9820-20920F7E48D9}.Release|Any CPU.ActiveCfg = Release|Any CPU
		{5CDAD887-5CF0-405A-9820-20920F7E48D9}.Release|Any CPU.Build.0 = Release|Any CPU
		{5CDAD887-5CF0-405A-9820-20920F7E48D9}.Release|ARM.ActiveCfg = Release|ARM
		{5CDAD887-5CF0-405A-9820-20920F7E48D9}.Release|ARM.Build.0 = Release|ARM
		{5CDAD887-5CF0-405A-9820-20920F7E48D9}.Release|x64.ActiveCfg = Release|Any CPU
		{5CDAD887-5CF0-405A-9820-20920F7E48D9}.Release|x86.ActiveCfg = Release|x86
		{5CDAD887-5CF0-405A-9820-20920F7E48D9}.Release|x86.Build.0 = Release|x86
		{5CDAD887-5CF0-405A-9820-20920F7E48D9}.ReleaseIE|Any CPU.ActiveCfg = Release|Any CPU
		{5CDAD887-5CF0-405A-9820-20920F7E48D9}.ReleaseIE|Any CPU.Build.0 = Release|Any CPU
		{5CDAD887-5CF0-405A-9820-20920F7E48D9}.ReleaseIE|ARM.ActiveCfg = Release|ARM
		{5CDAD887-5CF0-405A-9820-20920F7E48D9}.ReleaseIE|ARM.Build.0 = Release|ARM
		{5CDAD887-5CF0-405A-9820-20920F7E48D9}.ReleaseIE|x64.ActiveCfg = Release|Any CPU
		{5CDAD887-5CF0-405A-9820-20920F7E48D9}.ReleaseIE|x86.ActiveCfg = Release|x86
		{5CDAD887-5CF0-405A-9820-20920F7E48D9}.ReleaseIE|x86.Build.0 = Release|x86
		{411E1BA6-B2E6-49C0-AC12-D5BD313F7615}.Debug|Any CPU.ActiveCfg = Debug|Any CPU
		{411E1BA6-B2E6-49C0-AC12-D5BD313F7615}.Debug|Any CPU.Build.0 = Debug|Any CPU
		{411E1BA6-B2E6-49C0-AC12-D5BD313F7615}.Debug|Any CPU.Deploy.0 = Debug|Any CPU
		{411E1BA6-B2E6-49C0-AC12-D5BD313F7615}.Debug|ARM.ActiveCfg = Debug|Any CPU
		{411E1BA6-B2E6-49C0-AC12-D5BD313F7615}.Debug|x64.ActiveCfg = Debug|Any CPU
		{411E1BA6-B2E6-49C0-AC12-D5BD313F7615}.Debug|x86.ActiveCfg = Debug|Any CPU
		{411E1BA6-B2E6-49C0-AC12-D5BD313F7615}.Release|Any CPU.ActiveCfg = Release|Any CPU
		{411E1BA6-B2E6-49C0-AC12-D5BD313F7615}.Release|Any CPU.Build.0 = Release|Any CPU
		{411E1BA6-B2E6-49C0-AC12-D5BD313F7615}.Release|Any CPU.Deploy.0 = Release|Any CPU
		{411E1BA6-B2E6-49C0-AC12-D5BD313F7615}.Release|ARM.ActiveCfg = Release|Any CPU
		{411E1BA6-B2E6-49C0-AC12-D5BD313F7615}.Release|x64.ActiveCfg = Release|Any CPU
		{411E1BA6-B2E6-49C0-AC12-D5BD313F7615}.Release|x86.ActiveCfg = Release|Any CPU
		{411E1BA6-B2E6-49C0-AC12-D5BD313F7615}.ReleaseIE|Any CPU.ActiveCfg = ReleaseIE|Any CPU
		{411E1BA6-B2E6-49C0-AC12-D5BD313F7615}.ReleaseIE|Any CPU.Build.0 = ReleaseIE|Any CPU
		{411E1BA6-B2E6-49C0-AC12-D5BD313F7615}.ReleaseIE|Any CPU.Deploy.0 = ReleaseIE|Any CPU
		{411E1BA6-B2E6-49C0-AC12-D5BD313F7615}.ReleaseIE|ARM.ActiveCfg = ReleaseIE|Any CPU
		{411E1BA6-B2E6-49C0-AC12-D5BD313F7615}.ReleaseIE|x64.ActiveCfg = ReleaseIE|Any CPU
		{411E1BA6-B2E6-49C0-AC12-D5BD313F7615}.ReleaseIE|x86.ActiveCfg = ReleaseIE|Any CPU
		{CE604B74-157C-4BD1-AA29-351A7541928F}.Debug|Any CPU.ActiveCfg = Debug|Any CPU
		{CE604B74-157C-4BD1-AA29-351A7541928F}.Debug|Any CPU.Build.0 = Debug|Any CPU
		{CE604B74-157C-4BD1-AA29-351A7541928F}.Debug|Any CPU.Deploy.0 = Debug|Any CPU
		{CE604B74-157C-4BD1-AA29-351A7541928F}.Debug|ARM.ActiveCfg = Debug|ARM
		{CE604B74-157C-4BD1-AA29-351A7541928F}.Debug|ARM.Build.0 = Debug|ARM
		{CE604B74-157C-4BD1-AA29-351A7541928F}.Debug|ARM.Deploy.0 = Debug|ARM
		{CE604B74-157C-4BD1-AA29-351A7541928F}.Debug|x64.ActiveCfg = Debug|Any CPU
		{CE604B74-157C-4BD1-AA29-351A7541928F}.Debug|x86.ActiveCfg = Debug|x86
		{CE604B74-157C-4BD1-AA29-351A7541928F}.Debug|x86.Build.0 = Debug|x86
		{CE604B74-157C-4BD1-AA29-351A7541928F}.Debug|x86.Deploy.0 = Debug|x86
		{CE604B74-157C-4BD1-AA29-351A7541928F}.Release|Any CPU.ActiveCfg = Release|Any CPU
		{CE604B74-157C-4BD1-AA29-351A7541928F}.Release|Any CPU.Build.0 = Release|Any CPU
		{CE604B74-157C-4BD1-AA29-351A7541928F}.Release|Any CPU.Deploy.0 = Release|Any CPU
		{CE604B74-157C-4BD1-AA29-351A7541928F}.Release|ARM.ActiveCfg = Release|ARM
		{CE604B74-157C-4BD1-AA29-351A7541928F}.Release|ARM.Build.0 = Release|ARM
		{CE604B74-157C-4BD1-AA29-351A7541928F}.Release|ARM.Deploy.0 = Release|ARM
		{CE604B74-157C-4BD1-AA29-351A7541928F}.Release|x64.ActiveCfg = Release|Any CPU
		{CE604B74-157C-4BD1-AA29-351A7541928F}.Release|x86.ActiveCfg = Release|x86
		{CE604B74-157C-4BD1-AA29-351A7541928F}.Release|x86.Build.0 = Release|x86
		{CE604B74-157C-4BD1-AA29-351A7541928F}.Release|x86.Deploy.0 = Release|x86
		{CE604B74-157C-4BD1-AA29-351A7541928F}.ReleaseIE|Any CPU.ActiveCfg = ReleaseIE|Any CPU
		{CE604B74-157C-4BD1-AA29-351A7541928F}.ReleaseIE|Any CPU.Build.0 = ReleaseIE|Any CPU
		{CE604B74-157C-4BD1-AA29-351A7541928F}.ReleaseIE|Any CPU.Deploy.0 = ReleaseIE|Any CPU
		{CE604B74-157C-4BD1-AA29-351A7541928F}.ReleaseIE|ARM.ActiveCfg = ReleaseIE|ARM
		{CE604B74-157C-4BD1-AA29-351A7541928F}.ReleaseIE|ARM.Build.0 = ReleaseIE|ARM
		{CE604B74-157C-4BD1-AA29-351A7541928F}.ReleaseIE|ARM.Deploy.0 = ReleaseIE|ARM
		{CE604B74-157C-4BD1-AA29-351A7541928F}.ReleaseIE|x64.ActiveCfg = ReleaseIE|Any CPU
		{CE604B74-157C-4BD1-AA29-351A7541928F}.ReleaseIE|x86.ActiveCfg = ReleaseIE|x86
		{CE604B74-157C-4BD1-AA29-351A7541928F}.ReleaseIE|x86.Build.0 = ReleaseIE|x86
		{CE604B74-157C-4BD1-AA29-351A7541928F}.ReleaseIE|x86.Deploy.0 = ReleaseIE|x86
		{6FBF1473-F4AE-4DBB-85DA-C4CDC09CCEF1}.Debug|Any CPU.ActiveCfg = Debug|Any CPU
		{6FBF1473-F4AE-4DBB-85DA-C4CDC09CCEF1}.Debug|Any CPU.Build.0 = Debug|Any CPU
		{6FBF1473-F4AE-4DBB-85DA-C4CDC09CCEF1}.Debug|Any CPU.Deploy.0 = Debug|Any CPU
		{6FBF1473-F4AE-4DBB-85DA-C4CDC09CCEF1}.Debug|ARM.ActiveCfg = Debug|ARM
		{6FBF1473-F4AE-4DBB-85DA-C4CDC09CCEF1}.Debug|ARM.Build.0 = Debug|ARM
		{6FBF1473-F4AE-4DBB-85DA-C4CDC09CCEF1}.Debug|ARM.Deploy.0 = Debug|ARM
		{6FBF1473-F4AE-4DBB-85DA-C4CDC09CCEF1}.Debug|x64.ActiveCfg = Debug|x64
		{6FBF1473-F4AE-4DBB-85DA-C4CDC09CCEF1}.Debug|x64.Build.0 = Debug|x64
		{6FBF1473-F4AE-4DBB-85DA-C4CDC09CCEF1}.Debug|x64.Deploy.0 = Debug|x64
		{6FBF1473-F4AE-4DBB-85DA-C4CDC09CCEF1}.Debug|x86.ActiveCfg = Debug|x86
		{6FBF1473-F4AE-4DBB-85DA-C4CDC09CCEF1}.Debug|x86.Build.0 = Debug|x86
		{6FBF1473-F4AE-4DBB-85DA-C4CDC09CCEF1}.Debug|x86.Deploy.0 = Debug|x86
		{6FBF1473-F4AE-4DBB-85DA-C4CDC09CCEF1}.Release|Any CPU.ActiveCfg = Release|Any CPU
		{6FBF1473-F4AE-4DBB-85DA-C4CDC09CCEF1}.Release|Any CPU.Build.0 = Release|Any CPU
		{6FBF1473-F4AE-4DBB-85DA-C4CDC09CCEF1}.Release|Any CPU.Deploy.0 = Release|Any CPU
		{6FBF1473-F4AE-4DBB-85DA-C4CDC09CCEF1}.Release|ARM.ActiveCfg = Release|ARM
		{6FBF1473-F4AE-4DBB-85DA-C4CDC09CCEF1}.Release|ARM.Build.0 = Release|ARM
		{6FBF1473-F4AE-4DBB-85DA-C4CDC09CCEF1}.Release|ARM.Deploy.0 = Release|ARM
		{6FBF1473-F4AE-4DBB-85DA-C4CDC09CCEF1}.Release|x64.ActiveCfg = Release|x64
		{6FBF1473-F4AE-4DBB-85DA-C4CDC09CCEF1}.Release|x64.Build.0 = Release|x64
		{6FBF1473-F4AE-4DBB-85DA-C4CDC09CCEF1}.Release|x64.Deploy.0 = Release|x64
		{6FBF1473-F4AE-4DBB-85DA-C4CDC09CCEF1}.Release|x86.ActiveCfg = Release|x86
		{6FBF1473-F4AE-4DBB-85DA-C4CDC09CCEF1}.Release|x86.Build.0 = Release|x86
		{6FBF1473-F4AE-4DBB-85DA-C4CDC09CCEF1}.Release|x86.Deploy.0 = Release|x86
		{6FBF1473-F4AE-4DBB-85DA-C4CDC09CCEF1}.ReleaseIE|Any CPU.ActiveCfg = Release|Any CPU
		{6FBF1473-F4AE-4DBB-85DA-C4CDC09CCEF1}.ReleaseIE|Any CPU.Build.0 = Release|Any CPU
		{6FBF1473-F4AE-4DBB-85DA-C4CDC09CCEF1}.ReleaseIE|Any CPU.Deploy.0 = Release|Any CPU
		{6FBF1473-F4AE-4DBB-85DA-C4CDC09CCEF1}.ReleaseIE|ARM.ActiveCfg = Release|ARM
		{6FBF1473-F4AE-4DBB-85DA-C4CDC09CCEF1}.ReleaseIE|ARM.Build.0 = Release|ARM
		{6FBF1473-F4AE-4DBB-85DA-C4CDC09CCEF1}.ReleaseIE|ARM.Deploy.0 = Release|ARM
		{6FBF1473-F4AE-4DBB-85DA-C4CDC09CCEF1}.ReleaseIE|x64.ActiveCfg = Release|x64
		{6FBF1473-F4AE-4DBB-85DA-C4CDC09CCEF1}.ReleaseIE|x64.Build.0 = Release|x64
		{6FBF1473-F4AE-4DBB-85DA-C4CDC09CCEF1}.ReleaseIE|x64.Deploy.0 = Release|x64
		{6FBF1473-F4AE-4DBB-85DA-C4CDC09CCEF1}.ReleaseIE|x86.ActiveCfg = Release|x86
		{6FBF1473-F4AE-4DBB-85DA-C4CDC09CCEF1}.ReleaseIE|x86.Build.0 = Release|x86
		{6FBF1473-F4AE-4DBB-85DA-C4CDC09CCEF1}.ReleaseIE|x86.Deploy.0 = Release|x86
		{06424D09-AF30-47C5-AD4A-AED060AAF0E0}.Debug|Any CPU.ActiveCfg = Debug|Any CPU
		{06424D09-AF30-47C5-AD4A-AED060AAF0E0}.Debug|Any CPU.Build.0 = Debug|Any CPU
		{06424D09-AF30-47C5-AD4A-AED060AAF0E0}.Debug|ARM.ActiveCfg = Debug|Any CPU
		{06424D09-AF30-47C5-AD4A-AED060AAF0E0}.Debug|x64.ActiveCfg = Debug|Any CPU
		{06424D09-AF30-47C5-AD4A-AED060AAF0E0}.Debug|x86.ActiveCfg = Debug|Any CPU
		{06424D09-AF30-47C5-AD4A-AED060AAF0E0}.Release|Any CPU.ActiveCfg = Release|Any CPU
		{06424D09-AF30-47C5-AD4A-AED060AAF0E0}.Release|Any CPU.Build.0 = Release|Any CPU
		{06424D09-AF30-47C5-AD4A-AED060AAF0E0}.Release|ARM.ActiveCfg = Release|Any CPU
		{06424D09-AF30-47C5-AD4A-AED060AAF0E0}.Release|x64.ActiveCfg = Release|Any CPU
		{06424D09-AF30-47C5-AD4A-AED060AAF0E0}.Release|x86.ActiveCfg = Release|Any CPU
		{06424D09-AF30-47C5-AD4A-AED060AAF0E0}.ReleaseIE|Any CPU.ActiveCfg = Release|Any CPU
		{06424D09-AF30-47C5-AD4A-AED060AAF0E0}.ReleaseIE|Any CPU.Build.0 = Release|Any CPU
		{06424D09-AF30-47C5-AD4A-AED060AAF0E0}.ReleaseIE|ARM.ActiveCfg = Release|Any CPU
		{06424D09-AF30-47C5-AD4A-AED060AAF0E0}.ReleaseIE|x64.ActiveCfg = Release|Any CPU
		{06424D09-AF30-47C5-AD4A-AED060AAF0E0}.ReleaseIE|x86.ActiveCfg = Release|Any CPU
		{C345513A-A9D8-4A38-B9E3-4091A23513AB}.Debug|Any CPU.ActiveCfg = Debug|Any CPU
		{C345513A-A9D8-4A38-B9E3-4091A23513AB}.Debug|Any CPU.Build.0 = Debug|Any CPU
		{C345513A-A9D8-4A38-B9E3-4091A23513AB}.Debug|ARM.ActiveCfg = Debug|Any CPU
		{C345513A-A9D8-4A38-B9E3-4091A23513AB}.Debug|x64.ActiveCfg = Debug|Any CPU
		{C345513A-A9D8-4A38-B9E3-4091A23513AB}.Debug|x86.ActiveCfg = Debug|Any CPU
		{C345513A-A9D8-4A38-B9E3-4091A23513AB}.Release|Any CPU.ActiveCfg = Release|Any CPU
		{C345513A-A9D8-4A38-B9E3-4091A23513AB}.Release|Any CPU.Build.0 = Release|Any CPU
		{C345513A-A9D8-4A38-B9E3-4091A23513AB}.Release|ARM.ActiveCfg = Release|Any CPU
		{C345513A-A9D8-4A38-B9E3-4091A23513AB}.Release|x64.ActiveCfg = Release|Any CPU
		{C345513A-A9D8-4A38-B9E3-4091A23513AB}.Release|x86.ActiveCfg = Release|Any CPU
		{C345513A-A9D8-4A38-B9E3-4091A23513AB}.ReleaseIE|Any CPU.ActiveCfg = Release|Any CPU
		{C345513A-A9D8-4A38-B9E3-4091A23513AB}.ReleaseIE|Any CPU.Build.0 = Release|Any CPU
		{C345513A-A9D8-4A38-B9E3-4091A23513AB}.ReleaseIE|ARM.ActiveCfg = Release|Any CPU
		{C345513A-A9D8-4A38-B9E3-4091A23513AB}.ReleaseIE|x64.ActiveCfg = Release|Any CPU
		{C345513A-A9D8-4A38-B9E3-4091A23513AB}.ReleaseIE|x86.ActiveCfg = Release|Any CPU
		{A2FEFCA1-C053-4480-9619-16ED65C1C9FE}.Debug|Any CPU.ActiveCfg = Debug|Any CPU
		{A2FEFCA1-C053-4480-9619-16ED65C1C9FE}.Debug|Any CPU.Build.0 = Debug|Any CPU
		{A2FEFCA1-C053-4480-9619-16ED65C1C9FE}.Debug|ARM.ActiveCfg = Debug|Any CPU
		{A2FEFCA1-C053-4480-9619-16ED65C1C9FE}.Debug|x64.ActiveCfg = Debug|Any CPU
		{A2FEFCA1-C053-4480-9619-16ED65C1C9FE}.Debug|x86.ActiveCfg = Debug|Any CPU
		{A2FEFCA1-C053-4480-9619-16ED65C1C9FE}.Release|Any CPU.ActiveCfg = Release|Any CPU
		{A2FEFCA1-C053-4480-9619-16ED65C1C9FE}.Release|Any CPU.Build.0 = Release|Any CPU
		{A2FEFCA1-C053-4480-9619-16ED65C1C9FE}.Release|ARM.ActiveCfg = Release|Any CPU
		{A2FEFCA1-C053-4480-9619-16ED65C1C9FE}.Release|x64.ActiveCfg = Release|Any CPU
		{A2FEFCA1-C053-4480-9619-16ED65C1C9FE}.Release|x86.ActiveCfg = Release|Any CPU
		{A2FEFCA1-C053-4480-9619-16ED65C1C9FE}.ReleaseIE|Any CPU.ActiveCfg = Release|Any CPU
		{A2FEFCA1-C053-4480-9619-16ED65C1C9FE}.ReleaseIE|Any CPU.Build.0 = Release|Any CPU
		{A2FEFCA1-C053-4480-9619-16ED65C1C9FE}.ReleaseIE|ARM.ActiveCfg = Release|Any CPU
		{A2FEFCA1-C053-4480-9619-16ED65C1C9FE}.ReleaseIE|x64.ActiveCfg = Release|Any CPU
		{A2FEFCA1-C053-4480-9619-16ED65C1C9FE}.ReleaseIE|x86.ActiveCfg = Release|Any CPU
	EndGlobalSection
	GlobalSection(SolutionProperties) = preSolution
		HideSolutionNode = FALSE
	EndGlobalSection
EndGlobal
