
Microsoft Visual Studio Solution File, Format Version 12.00
# Visual Studio 2012
Project("{FAE04EC0-301F-11D3-BF4B-00C04F79EFBC}") = "Cineworld", "Cineworld-iPhone\Cineworld.csproj", "{B22286F1-A8D2-4252-9365-501681A07732}"
EndProject
Global
	GlobalSection(SolutionConfigurationPlatforms) = preSolution
		Debug|iPhoneSimulator = Debug|iPhoneSimulator
		Release|iPhoneSimulator = Release|iPhoneSimulator
		Debug|iPhone = Debug|iPhone
		Release|iPhone = Release|iPhone
		Ad-Hoc|iPhone = Ad-Hoc|iPhone
		AppStore|iPhone = AppStore|iPhone
	EndGlobalSection
	GlobalSection(ProjectConfigurationPlatforms) = postSolution
		{B22286F1-A8D2-4252-9365-501681A07732}.Ad-Hoc|iPhone.ActiveCfg = Ad-Hoc|iPhone
		{B22286F1-A8D2-4252-9365-501681A07732}.Ad-Hoc|iPhone.Build.0 = Ad-Hoc|iPhone
		{B22286F1-A8D2-4252-9365-501681A07732}.AppStore|iPhone.ActiveCfg = AppStore|iPhone
		{B22286F1-A8D2-4252-9365-501681A07732}.AppStore|iPhone.Build.0 = AppStore|iPhone
		{B22286F1-A8D2-4252-9365-501681A07732}.Debug|iPhone.ActiveCfg = Debug|iPhone
		{B22286F1-A8D2-4252-9365-501681A07732}.Debug|iPhone.Build.0 = Debug|iPhone
		{B22286F1-A8D2-4252-9365-501681A07732}.Debug|iPhoneSimulator.ActiveCfg = Debug|iPhoneSimulator
		{B22286F1-A8D2-4252-9365-501681A07732}.Debug|iPhoneSimulator.Build.0 = Debug|iPhoneSimulator
		{B22286F1-A8D2-4252-9365-501681A07732}.Release|iPhone.ActiveCfg = Release|iPhone
		{B22286F1-A8D2-4252-9365-501681A07732}.Release|iPhone.Build.0 = Release|iPhone
		{B22286F1-A8D2-4252-9365-501681A07732}.Release|iPhoneSimulator.ActiveCfg = Release|iPhoneSimulator
		{B22286F1-A8D2-4252-9365-501681A07732}.Release|iPhoneSimulator.Build.0 = Release|iPhoneSimulator
	EndGlobalSection
	GlobalSection(MonoDevelopProperties) = preSolution
		version = 1.0
	EndGlobalSection
EndGlobal
